
Microsoft Visual Studio Solution File, Format Version 12.00
# Visual Studio 15
VisualStudioVersion = 15.0.28307.1169
MinimumVisualStudioVersion = 10.0.40219.1
Project("{FAE04EC0-301F-11D3-BF4B-00C04F79EFBC}") = "FED1StudioProject", "FED1StudioProject\FED1StudioProject.csproj", "{35B63EDA-09A1-4C10-886B-3C4EF432518F}"
EndProject
Global
	GlobalSection(SolutionConfigurationPlatforms) = preSolution
		Debug|Any CPU = Debug|Any CPU
		Release|Any CPU = Release|Any CPU
	EndGlobalSection
	GlobalSection(ProjectConfigurationPlatforms) = postSolution
		{35B63EDA-09A1-4C10-886B-3C4EF432518F}.Debug|Any CPU.ActiveCfg = Debug|Any CPU
		{35B63EDA-09A1-4C10-886B-3C4EF432518F}.Debug|Any CPU.Build.0 = Debug|Any CPU
		{35B63EDA-09A1-4C10-886B-3C4EF432518F}.Release|Any CPU.ActiveCfg = Release|Any CPU
		{35B63EDA-09A1-4C10-886B-3C4EF432518F}.Release|Any CPU.Build.0 = Release|Any CPU
	EndGlobalSection
	GlobalSection(SolutionProperties) = preSolution
		HideSolutionNode = FALSE
	EndGlobalSection
	GlobalSection(ExtensibilityGlobals) = postSolution
		SolutionGuid = {C4CE794E-FB0E-4E70-9B78-6B2A50D7F5C3}
	EndGlobalSection
EndGlobal
